<?xml version="1.0" encoding="utf-8"?>
<Project ToolsVersion="4.0" xmlns="http://schemas.microsoft.com/developer/msbuild/2003">
  <ItemGroup>
    <Filter Include="Header Files">
      <UniqueIdentifier>{93995380-89BD-4b04-88EB-625FBE52EBFB}</UniqueIdentifier>
      <Extensions>h;hh;hpp;hxx;hm;inl;inc;xsd</Extensions>
    </Filter>
    <Filter Include="Menu">
      <UniqueIdentifier>{2a12d025-c2ec-49af-84af-2c26d0618e38}</UniqueIdentifier>
    </Filter>
    <Filter Include="The Menu:">
      <UniqueIdentifier>{d87d34a8-01b2-4bc7-a2bc-c549c4d1a8a7}</UniqueIdentifier>
    </Filter>
    <Filter Include="The Menu:\GUI">
      <UniqueIdentifier>{667608eb-d4cc-412a-aeba-b122da0d9f92}</UniqueIdentifier>
    </Filter>
    <Filter Include="The Menu:\Features">
      <UniqueIdentifier>{ef9dc22c-830d-487f-a798-f389dbcaa9a4}</UniqueIdentifier>
    </Filter>
    <Filter Include="The Menu:\Important">
      <UniqueIdentifier>{8f84397f-1560-44cd-bf63-2f9f734ef3d8}</UniqueIdentifier>
    </Filter>
    <Filter Include="Files">
      <UniqueIdentifier>{4FC737F1-C7A5-4376-A066-2A32D752A2FF}</UniqueIdentifier>
      <Extensions>cpp;c;cc;cxx;def;odl;idl;hpj;bat;asm;asmx</Extensions>
    </Filter>
  </ItemGroup>
  <ItemGroup>
    <ClInclude Include="targetver.h">
      <Filter>Header Files</Filter>
    </ClInclude>
    <ClInclude Include="Log.h">
      <Filter>Header Files</Filter>
    </ClInclude>
    <ClInclude Include="stdafx.h">
      <Filter>Header Files</Filter>
    </ClInclude>
    <ClInclude Include="Structs.h">
      <Filter>Header Files</Filter>
    </ClInclude>
    <ClInclude Include="types.h">
      <Filter>Header Files</Filter>
    </ClInclude>
    <ClInclude Include="nativeCaller.h">
      <Filter>Header Files</Filter>
    </ClInclude>
    <ClInclude Include="Memory.h">
      <Filter>Header Files</Filter>
    </ClInclude>
    <ClInclude Include="NativeInvoker.h">
      <Filter>Header Files</Filter>
    </ClInclude>
    <ClInclude Include="CrossMapping.h">
      <Filter>Header Files</Filter>
    </ClInclude>
    <ClInclude Include="InputHook.h">
      <Filter>Header Files</Filter>
    </ClInclude>
    <ClInclude Include="keyboard.h">
      <Filter>Header Files</Filter>
    </ClInclude>
    <ClInclude Include="Functions.h">
      <Filter>Header Files</Filter>
    </ClInclude>
    <ClInclude Include="Features.h">
      <Filter>The Menu:\Features</Filter>
    </ClInclude>
    <ClInclude Include="GUI.h">
      <Filter>The Menu:\GUI</Filter>
    </ClInclude>
    <ClInclude Include="subs.h">
      <Filter>Menu</Filter>
    </ClInclude>
    <ClInclude Include="menu.h">
      <Filter>Menu</Filter>
    </ClInclude>
    <ClInclude Include="enums.h">
      <Filter>The Menu:\Important</Filter>
    </ClInclude>
    <ClInclude Include="natives.h">
      <Filter>The Menu:\Important</Filter>
    </ClInclude>
    <ClInclude Include="Hooking.h">
      <Filter>The Menu:\Important</Filter>
    </ClInclude>
  </ItemGroup>
  <ItemGroup>
    <ClCompile Include="stdafx.cpp">
      <Filter>Files</Filter>
    </ClCompile>
    <ClCompile Include="dllmain.cpp">
      <Filter>Files</Filter>
    </ClCompile>
    <ClCompile Include="Log.cpp">
      <Filter>Files</Filter>
    </ClCompile>
    <ClCompile Include="Memory.cpp">
      <Filter>Files</Filter>
    </ClCompile>
    <ClCompile Include="NativeInvoker.cpp">
      <Filter>Files</Filter>
    </ClCompile>
    <ClCompile Include="keyboard.cpp">
      <Filter>Files</Filter>
    </ClCompile>
    <ClCompile Include="InputHook.cpp">
      <Filter>Files</Filter>
    </ClCompile>
    <ClCompile Include="Functions.cpp">
      <Filter>Files</Filter>
    </ClCompile>
    <ClCompile Include="Features.cpp">
      <Filter>The Menu:\Features</Filter>
    </ClCompile>
    <ClCompile Include="GUI.cpp">
      <Filter>The Menu:\GUI</Filter>
    </ClCompile>
    <ClCompile Include="Menu.cpp">
      <Filter>Menu</Filter>
    </ClCompile>
    <ClCompile Include="CrossMapping.cpp">
      <Filter>The Menu:\Important</Filter>
    </ClCompile>
    <ClCompile Include="Hooking.cpp">
      <Filter>The Menu:\Important</Filter>
    </ClCompile>
  </ItemGroup>
</Project>